dependencies:
- name: redis
  repository: https://charts.bitnami.com/bitnami
  version: 15.6.1
- name: mariadb
  repository: https://charts.bitnami.com/bitnami
  version: 9.8.1
- name: common
  repository: https://charts.bitnami.com/bitnami
  version: 1.10.1
digest: sha256:65907c164686cc1a98e78e1ad964e7bf79b4c6ce274a4cf21e579f72663a7f75
generated: "2021-11-27T23:23:00.92451964+08:00"
