dependencies:
- name: redis
  repository: https://charts.bitnami.com/bitnami
  version: 15.6.2
- name: mariadb
  repository: https://charts.bitnami.com/bitnami
  version: 9.8.1
- name: elasticsearch
  repository: https://charts.bitnami.com/bitnami
  version: 17.3.3
- name: common
  repository: https://charts.bitnami.com/bitnami
  version: 1.10.1
digest: sha256:d81b5537c4a8d22eb2850f81fd2ba614c3eb54b8e2342fec64be1937f9228504
generated: "2021-11-29T22:55:42.671413097+08:00"
